
Microsoft Visual Studio Solution File, Format Version 12.00
# Visual Studio Version 17
VisualStudioVersion = 17.13.35931.197 d17.13
MinimumVisualStudioVersion = 10.0.40219.1
Project("{FAE04EC0-301F-11D3-BF4B-00C04F79EFBC}") = "Myth Weaver", "Myth Weaver\Myth Weaver.csproj", "{E21FBA34-390F-4F94-A11C-B7E9E0F39D68}"
EndProject
Global
	GlobalSection(SolutionConfigurationPlatforms) = preSolution
		Debug|Any CPU = Debug|Any CPU
		Release|Any CPU = Release|Any CPU
	EndGlobalSection
	GlobalSection(ProjectConfigurationPlatforms) = postSolution
		{E21FBA34-390F-4F94-A11C-B7E9E0F39D68}.Debug|Any CPU.ActiveCfg = Debug|Any CPU
		{E21FBA34-390F-4F94-A11C-B7E9E0F39D68}.Debug|Any CPU.Build.0 = Debug|Any CPU
		{E21FBA34-390F-4F94-A11C-B7E9E0F39D68}.Release|Any CPU.ActiveCfg = Release|Any CPU
		{E21FBA34-390F-4F94-A11C-B7E9E0F39D68}.Release|Any CPU.Build.0 = Release|Any CPU
	EndGlobalSection
	GlobalSection(SolutionProperties) = preSolution
		HideSolutionNode = FALSE
	EndGlobalSection
	GlobalSection(ExtensibilityGlobals) = postSolution
		SolutionGuid = {7B489B59-6E55-48DE-9E08-C961F7BAE1AC}
	EndGlobalSection
EndGlobal
